// !$*UTF8*$!
{
	archiveVersion = 1;
	classes = {
	};
	objectVersion = 50;
	objects = {

/* Begin PBXBuildFile section */
		9378A66927591FE400DB4494 /* AppDelegate.swift in Sources */ = {isa = PBXBuildFile; fileRef = 9378A66827591FE400DB4494 /* AppDelegate.swift */; };
		9378A66B27591FE400DB4494 /* SceneDelegate.swift in Sources */ = {isa = PBXBuildFile; fileRef = 9378A66A27591FE400DB4494 /* SceneDelegate.swift */; };
		9378A66D27591FE400DB4494 /* ViewController.swift in Sources */ = {isa = PBXBuildFile; fileRef = 9378A66C27591FE400DB4494 /* ViewController.swift */; };
		9378A67027591FE400DB4494 /* Main.storyboard in Resources */ = {isa = PBXBuildFile; fileRef = 9378A66E27591FE400DB4494 /* Main.storyboard */; };
		9378A67227591FE700DB4494 /* Assets.xcassets in Resources */ = {isa = PBXBuildFile; fileRef = 9378A67127591FE700DB4494 /* Assets.xcassets */; };
		9378A67527591FE700DB4494 /* LaunchScreen.storyboard in Resources */ = {isa = PBXBuildFile; fileRef = 9378A67327591FE700DB4494 /* LaunchScreen.storyboard */; };
		9378A67E275922F700DB4494 /* UserDefaultsKeys.swift in Sources */ = {isa = PBXBuildFile; fileRef = 9378A67D275922F700DB4494 /* UserDefaultsKeys.swift */; };
		9378A6812759235600DB4494 /* PersistentKeeper.swift in Sources */ = {isa = PBXBuildFile; fileRef = 9378A6802759235600DB4494 /* PersistentKeeper.swift */; };
/* End PBXBuildFile section */

/* Begin PBXFileReference section */
		9378A66527591FE400DB4494 /* UserDefaultsExercise.app */ = {isa = PBXFileReference; explicitFileType = wrapper.application; includeInIndex = 0; path = UserDefaultsExercise.app; sourceTree = BUILT_PRODUCTS_DIR; };
		9378A66827591FE400DB4494 /* AppDelegate.swift */ = {isa = PBXFileReference; lastKnownFileType = sourcecode.swift; path = AppDelegate.swift; sourceTree = "<group>"; };
		9378A66A27591FE400DB4494 /* SceneDelegate.swift */ = {isa = PBXFileReference; lastKnownFileType = sourcecode.swift; path = SceneDelegate.swift; sourceTree = "<group>"; };
		9378A66C27591FE400DB4494 /* ViewController.swift */ = {isa = PBXFileReference; lastKnownFileType = sourcecode.swift; path = ViewController.swift; sourceTree = "<group>"; };
		9378A66F27591FE400DB4494 /* Base */ = {isa = PBXFileReference; lastKnownFileType = file.storyboard; name = Base; path = Base.lproj/Main.storyboard; sourceTree = "<group>"; };
		9378A67127591FE700DB4494 /* Assets.xcassets */ = {isa = PBXFileReference; lastKnownFileType = folder.assetcatalog; path = Assets.xcassets; sourceTree = "<group>"; };
		9378A67427591FE700DB4494 /* Base */ = {isa = PBXFileReference; lastKnownFileType = file.storyboard; name = Base; path = Base.lproj/LaunchScreen.storyboard; sourceTree = "<group>"; };
		9378A67627591FE700DB4494 /* Info.plist */ = {isa = PBXFileReference; lastKnownFileType = text.plist.xml; path = Info.plist; sourceTree = "<group>"; };
		9378A67D275922F700DB4494 /* UserDefaultsKeys.swift */ = {isa = PBXFileReference; lastKnownFileType = sourcecode.swift; path = UserDefaultsKeys.swift; sourceTree = "<group>"; };
		9378A6802759235600DB4494 /* PersistentKeeper.swift */ = {isa = PBXFileReference; lastKnownFileType = sourcecode.swift; path = PersistentKeeper.swift; sourceTree = "<group>"; };
/* End PBXFileReference section */

/* Begin PBXFrameworksBuildPhase section */
		9378A66227591FE400DB4494 /* Frameworks */ = {
			isa = PBXFrameworksBuildPhase;
			buildActionMask = 2147483647;
			files = (
			);
			runOnlyForDeploymentPostprocessing = 0;
		};
/* End PBXFrameworksBuildPhase section */

/* Begin PBXGroup section */
		9378A65C27591FE400DB4494 = {
			isa = PBXGroup;
			children = (
				9378A66727591FE400DB4494 /* UserDefaultsExercise */,
				9378A66627591FE400DB4494 /* Products */,
			);
			sourceTree = "<group>";
		};
		9378A66627591FE400DB4494 /* Products */ = {
			isa = PBXGroup;
			children = (
				9378A66527591FE400DB4494 /* UserDefaultsExercise.app */,
			);
			name = Products;
			sourceTree = "<group>";
		};
		9378A66727591FE400DB4494 /* UserDefaultsExercise */ = {
			isa = PBXGroup;
			children = (
				9378A67F2759234300DB4494 /* Keepers */,
				9378A67C275922DF00DB4494 /* Constants */,
				9378A66827591FE400DB4494 /* AppDelegate.swift */,
				9378A66A27591FE400DB4494 /* SceneDelegate.swift */,
				9378A66C27591FE400DB4494 /* ViewController.swift */,
				9378A66E27591FE400DB4494 /* Main.storyboard */,
				9378A67127591FE700DB4494 /* Assets.xcassets */,
				9378A67327591FE700DB4494 /* LaunchScreen.storyboard */,
				9378A67627591FE700DB4494 /* Info.plist */,
			);
			path = UserDefaultsExercise;
			sourceTree = "<group>";
		};
		9378A67C275922DF00DB4494 /* Constants */ = {
			isa = PBXGroup;
			children = (
				9378A67D275922F700DB4494 /* UserDefaultsKeys.swift */,
			);
			path = Constants;
			sourceTree = "<group>";
		};
		9378A67F2759234300DB4494 /* Keepers */ = {
			isa = PBXGroup;
			children = (
				9378A6802759235600DB4494 /* PersistentKeeper.swift */,
			);
			path = Keepers;
			sourceTree = "<group>";
		};
/* End PBXGroup section */

/* Begin PBXNativeTarget section */
		9378A66427591FE400DB4494 /* UserDefaultsExercise */ = {
			isa = PBXNativeTarget;
			buildConfigurationList = 9378A67927591FE700DB4494 /* Build configuration list for PBXNativeTarget "UserDefaultsExercise" */;
			buildPhases = (
				9378A66127591FE400DB4494 /* Sources */,
				9378A66227591FE400DB4494 /* Frameworks */,
				9378A66327591FE400DB4494 /* Resources */,
			);
			buildRules = (
			);
			dependencies = (
			);
			name = UserDefaultsExercise;
			productName = UserDefaultsExercise;
			productReference = 9378A66527591FE400DB4494 /* UserDefaultsExercise.app */;
			productType = "com.apple.product-type.application";
		};
/* End PBXNativeTarget section */

/* Begin PBXProject section */
		9378A65D27591FE400DB4494 /* Project object */ = {
			isa = PBXProject;
			attributes = {
				LastSwiftUpdateCheck = 1250;
				LastUpgradeCheck = 1250;
				TargetAttributes = {
					9378A66427591FE400DB4494 = {
						CreatedOnToolsVersion = 12.5.1;
					};
				};
			};
			buildConfigurationList = 9378A66027591FE400DB4494 /* Build configuration list for PBXProject "UserDefaultsExercise" */;
			compatibilityVersion = "Xcode 9.3";
			developmentRegion = en;
			hasScannedForEncodings = 0;
			knownRegions = (
				en,
				Base,
			);
			mainGroup = 9378A65C27591FE400DB4494;
			productRefGroup = 9378A66627591FE400DB4494 /* Products */;
			projectDirPath = "";
			projectRoot = "";
			targets = (
				9378A66427591FE400DB4494 /* UserDefaultsExercise */,
			);
		};
/* End PBXProject section */

/* Begin PBXResourcesBuildPhase section */
		9378A66327591FE400DB4494 /* Resources */ = {
			isa = PBXResourcesBuildPhase;
			buildActionMask = 2147483647;
			files = (
				9378A67527591FE700DB4494 /* LaunchScreen.storyboard in Resources */,
				9378A67227591FE700DB4494 /* Assets.xcassets in Resources */,
				9378A67027591FE400DB4494 /* Main.storyboard in Resources */,
			);
			runOnlyForDeploymentPostprocessing = 0;
		};
/* End PBXResourcesBuildPhase section */

/* Begin PBXSourcesBuildPhase section */
		9378A66127591FE400DB4494 /* Sources */ = {
			isa = PBXSourcesBuildPhase;
			buildActionMask = 2147483647;
			files = (
				9378A67E275922F700DB4494 /* UserDefaultsKeys.swift in Sources */,
				9378A66D27591FE400DB4494 /* ViewController.swift in Sources */,
				9378A66927591FE400DB4494 /* AppDelegate.swift in Sources */,
				9378A6812759235600DB4494 /* PersistentKeeper.swift in Sources */,
				9378A66B27591FE400DB4494 /* SceneDelegate.swift in Sources */,
			);
			runOnlyForDeploymentPostprocessing = 0;
		};
/* End PBXSourcesBuildPhase section */

/* Begin PBXVariantGroup section */
		9378A66E27591FE400DB4494 /* Main.storyboard */ = {
			isa = PBXVariantGroup;
			children = (
				9378A66F27591FE400DB4494 /* Base */,
			);
			name = Main.storyboard;
			sourceTree = "<group>";
		};
		9378A67327591FE700DB4494 /* LaunchScreen.storyboard */ = {
			isa = PBXVariantGroup;
			children = (
				9378A67427591FE700DB4494 /* Base */,
			);
			name = LaunchScreen.storyboard;
			sourceTree = "<group>";
		};
/* End PBXVariantGroup section */

/* Begin XCBuildConfiguration section */
		9378A67727591FE700DB4494 /* Debug */ = {
			isa = XCBuildConfiguration;
			buildSettings = {
				ALWAYS_SEARCH_USER_PATHS = NO;
				CLANG_ANALYZER_NONNULL = YES;
				CLANG_ANALYZER_NUMBER_OBJECT_CONVERSION = YES_AGGRESSIVE;
				CLANG_CXX_LANGUAGE_STANDARD = "gnu++14";
				CLANG_CXX_LIBRARY = "libc++";
				CLANG_ENABLE_MODULES = YES;
				CLANG_ENABLE_OBJC_ARC = YES;
				CLANG_ENABLE_OBJC_WEAK = YES;
				CLANG_WARN_BLOCK_CAPTURE_AUTORELEASING = YES;
				CLANG_WARN_BOOL_CONVERSION = YES;
				CLANG_WARN_COMMA = YES;
				CLANG_WARN_CONSTANT_CONVERSION = YES;
				CLANG_WARN_DEPRECATED_OBJC_IMPLEMENTATIONS = YES;
				CLANG_WARN_DIRECT_OBJC_ISA_USAGE = YES_ERROR;
				CLANG_WARN_DOCUMENTATION_COMMENTS = YES;
				CLANG_WARN_EMPTY_BODY = YES;
				CLANG_WARN_ENUM_CONVERSION = YES;
				CLANG_WARN_INFINITE_RECURSION = YES;
				CLANG_WARN_INT_CONVERSION = YES;
				CLANG_WARN_NON_LITERAL_NULL_CONVERSION = YES;
				CLANG_WARN_OBJC_IMPLICIT_RETAIN_SELF = YES;
				CLANG_WARN_OBJC_LITERAL_CONVERSION = YES;
				CLANG_WARN_OBJC_ROOT_CLASS = YES_ERROR;
				CLANG_WARN_QUOTED_INCLUDE_IN_FRAMEWORK_HEADER = YES;
				CLANG_WARN_RANGE_LOOP_ANALYSIS = YES;
				CLANG_WARN_STRICT_PROTOTYPES = YES;
				CLANG_WARN_SUSPICIOUS_MOVE = YES;
				CLANG_WARN_UNGUARDED_AVAILABILITY = YES_AGGRESSIVE;
				CLANG_WARN_UNREACHABLE_CODE = YES;
				CLANG_WARN__DUPLICATE_METHOD_MATCH = YES;
				COPY_PHASE_STRIP = NO;
				DEBUG_INFORMATION_FORMAT = dwarf;
				ENABLE_STRICT_OBJC_MSGSEND = YES;
				ENABLE_TESTABILITY = YES;
				GCC_C_LANGUAGE_STANDARD = gnu11;
				GCC_DYNAMIC_NO_PIC = NO;
				GCC_NO_COMMON_BLOCKS = YES;
				GCC_OPTIMIZATION_LEVEL = 0;
				GCC_PREPROCESSOR_DEFINITIONS = (
					"DEBUG=1",
					"$(inherited)",
				);
				GCC_WARN_64_TO_32_BIT_CONVERSION = YES;
				GCC_WARN_ABOUT_RETURN_TYPE = YES_ERROR;
				GCC_WARN_UNDECLARED_SELECTOR = YES;
				GCC_WARN_UNINITIALIZED_AUTOS = YES_AGGRESSIVE;
				GCC_WARN_UNUSED_FUNCTION = YES;
				GCC_WARN_UNUSED_VARIABLE = YES;
				IPHONEOS_DEPLOYMENT_TARGET = 14.5;
				MTL_ENABLE_DEBUG_INFO = INCLUDE_SOURCE;
				MTL_FAST_MATH = YES;
				ONLY_ACTIVE_ARCH = YES;
				SDKROOT = iphoneos;
				SWIFT_ACTIVE_COMPILATION_CONDITIONS = DEBUG;
				SWIFT_OPTIMIZATION_LEVEL = "-Onone";
			};
			name = Debug;
		};
		9378A67827591FE700DB4494 /* Release */ = {
			isa = XCBuildConfiguration;
			buildSettings = {
				ALWAYS_SEARCH_USER_PATHS = NO;
				CLANG_ANALYZER_NONNULL = YES;
				CLANG_ANALYZER_NUMBER_OBJECT_CONVERSION = YES_AGGRESSIVE;
				CLANG_CXX_LANGUAGE_STANDARD = "gnu++14";
				CLANG_CXX_LIBRARY = "libc++";
				CLANG_ENABLE_MODULES = YES;
				CLANG_ENABLE_OBJC_ARC = YES;
				CLANG_ENABLE_OBJC_WEAK = YES;
				CLANG_WARN_BLOCK_CAPTURE_AUTORELEASING = YES;
				CLANG_WARN_BOOL_CONVERSION = YES;
				CLANG_WARN_COMMA = YES;
				CLANG_WARN_CONSTANT_CONVERSION = YES;
				CLANG_WARN_DEPRECATED_OBJC_IMPLEMENTATIONS = YES;
				CLANG_WARN_DIRECT_OBJC_ISA_USAGE = YES_ERROR;
				CLANG_WARN_DOCUMENTATION_COMMENTS = YES;
				CLANG_WARN_EMPTY_BODY = YES;
				CLANG_WARN_ENUM_CONVERSION = YES;
				CLANG_WARN_INFINITE_RECURSION = YES;
				CLANG_WARN_INT_CONVERSION = YES;
				CLANG_WARN_NON_LITERAL_NULL_CONVERSION = YES;
				CLANG_WARN_OBJC_IMPLICIT_RETAIN_SELF = YES;
				CLANG_WARN_OBJC_LITERAL_CONVERSION = YES;
				CLANG_WARN_OBJC_ROOT_CLASS = YES_ERROR;
				CLANG_WARN_QUOTED_INCLUDE_IN_FRAMEWORK_HEADER = YES;
				CLANG_WARN_RANGE_LOOP_ANALYSIS = YES;
				CLANG_WARN_STRICT_PROTOTYPES = YES;
				CLANG_WARN_SUSPICIOUS_MOVE = YES;
				CLANG_WARN_UNGUARDED_AVAILABILITY = YES_AGGRESSIVE;
				CLANG_WARN_UNREACHABLE_CODE = YES;
				CLANG_WARN__DUPLICATE_METHOD_MATCH = YES;
				COPY_PHASE_STRIP = NO;
				DEBUG_INFORMATION_FORMAT = "dwarf-with-dsym";
				ENABLE_NS_ASSERTIONS = NO;
				ENABLE_STRICT_OBJC_MSGSEND = YES;
				GCC_C_LANGUAGE_STANDARD = gnu11;
				GCC_NO_COMMON_BLOCKS = YES;
				GCC_WARN_64_TO_32_BIT_CONVERSION = YES;
				GCC_WARN_ABOUT_RETURN_TYPE = YES_ERROR;
				GCC_WARN_UNDECLARED_SELECTOR = YES;
				GCC_WARN_UNINITIALIZED_AUTOS = YES_AGGRESSIVE;
				GCC_WARN_UNUSED_FUNCTION = YES;
				GCC_WARN_UNUSED_VARIABLE = YES;
				IPHONEOS_DEPLOYMENT_TARGET = 14.5;
				MTL_ENABLE_DEBUG_INFO = NO;
				MTL_FAST_MATH = YES;
				SDKROOT = iphoneos;
				SWIFT_COMPILATION_MODE = wholemodule;
				SWIFT_OPTIMIZATION_LEVEL = "-O";
				VALIDATE_PRODUCT = YES;
			};
			name = Release;
		};
		9378A67A27591FE700DB4494 /* Debug */ = {
			isa = XCBuildConfiguration;
			buildSettings = {
				ASSETCATALOG_COMPILER_APPICON_NAME = AppIcon;
				ASSETCATALOG_COMPILER_GLOBAL_ACCENT_COLOR_NAME = AccentColor;
				CODE_SIGN_STYLE = Automatic;
				DEVELOPMENT_TEAM = V6ZXUR5322;
				INFOPLIST_FILE = UserDefaultsExercise/Info.plist;
				LD_RUNPATH_SEARCH_PATHS = (
					"$(inherited)",
					"@executable_path/Frameworks",
				);
				PRODUCT_BUNDLE_IDENTIFIER = com.exercise.UserDefaultsExercise;
				PRODUCT_NAME = "$(TARGET_NAME)";
				SWIFT_VERSION = 5.0;
				TARGETED_DEVICE_FAMILY = "1,2";
			};
			name = Debug;
		};
		9378A67B27591FE700DB4494 /* Release */ = {
			isa = XCBuildConfiguration;
			buildSettings = {
				ASSETCATALOG_COMPILER_APPICON_NAME = AppIcon;
				ASSETCATALOG_COMPILER_GLOBAL_ACCENT_COLOR_NAME = AccentColor;
				CODE_SIGN_STYLE = Automatic;
				DEVELOPMENT_TEAM = V6ZXUR5322;
				INFOPLIST_FILE = UserDefaultsExercise/Info.plist;
				LD_RUNPATH_SEARCH_PATHS = (
					"$(inherited)",
					"@executable_path/Frameworks",
				);
				PRODUCT_BUNDLE_IDENTIFIER = com.exercise.UserDefaultsExercise;
				PRODUCT_NAME = "$(TARGET_NAME)";
				SWIFT_VERSION = 5.0;
				TARGETED_DEVICE_FAMILY = "1,2";
			};
			name = Release;
		};
/* End XCBuildConfiguration section */

/* Begin XCConfigurationList section */
		9378A66027591FE400DB4494 /* Build configuration list for PBXProject "UserDefaultsExercise" */ = {
			isa = XCConfigurationList;
			buildConfigurations = (
				9378A67727591FE700DB4494 /* Debug */,
				9378A67827591FE700DB4494 /* Release */,
			);
			defaultConfigurationIsVisible = 0;
			defaultConfigurationName = Release;
		};
		9378A67927591FE700DB4494 /* Build configuration list for PBXNativeTarget "UserDefaultsExercise" */ = {
			isa = XCConfigurationList;
			buildConfigurations = (
				9378A67A27591FE700DB4494 /* Debug */,
				9378A67B27591FE700DB4494 /* Release */,
			);
			defaultConfigurationIsVisible = 0;
			defaultConfigurationName = Release;
		};
/* End XCConfigurationList section */
	};
	rootObject = 9378A65D27591FE400DB4494 /* Project object */;
}
